
Microsoft Visual Studio Solution File, Format Version 12.00
# Visual Studio Version 16
VisualStudioVersion = 16.0.30204.135
MinimumVisualStudioVersion = 10.0.40219.1
Project("{FAE04EC0-301F-11D3-BF4B-00C04F79EFBC}") = "COVID_19.UWP", "COVID_19\COVID_19.UWP\COVID_19.UWP.csproj", "{A593EA6A-45EE-4147-9CD2-B2D416218897}"
EndProject
Project("{FAE04EC0-301F-11D3-BF4B-00C04F79EFBC}") = "COVID_19.Android", "COVID_19\COVID_19.Android\COVID_19.Android.csproj", "{3C9AF00B-0F38-4F1C-BE4C-EEC88A0FB3D2}"
EndProject
Project("{FAE04EC0-301F-11D3-BF4B-00C04F79EFBC}") = "COVID_19.iOS", "COVID_19\COVID_19.iOS\COVID_19.iOS.csproj", "{50369506-5D57-4620-979D-41ADFE7EEABD}"
EndProject
Project("{FAE04EC0-301F-11D3-BF4B-00C04F79EFBC}") = "COVID_19", "COVID_19\COVID_19\COVID_19.csproj", "{15571CF0-4D2F-43B2-8203-EAE68CBE7299}"
EndProject
Global
	GlobalSection(SolutionConfigurationPlatforms) = preSolution
		Debug|Any CPU = Debug|Any CPU
		Debug|ARM = Debug|ARM
		Debug|iPhone = Debug|iPhone
		Debug|iPhoneSimulator = Debug|iPhoneSimulator
		Debug|x64 = Debug|x64
		Debug|x86 = Debug|x86
		Release|Any CPU = Release|Any CPU
		Release|ARM = Release|ARM
		Release|iPhone = Release|iPhone
		Release|iPhoneSimulator = Release|iPhoneSimulator
		Release|x64 = Release|x64
		Release|x86 = Release|x86
	EndGlobalSection
	GlobalSection(ProjectConfigurationPlatforms) = postSolution
		{A593EA6A-45EE-4147-9CD2-B2D416218897}.Debug|Any CPU.ActiveCfg = Debug|x86
		{A593EA6A-45EE-4147-9CD2-B2D416218897}.Debug|Any CPU.Build.0 = Debug|x86
		{A593EA6A-45EE-4147-9CD2-B2D416218897}.Debug|Any CPU.Deploy.0 = Debug|x86
		{A593EA6A-45EE-4147-9CD2-B2D416218897}.Debug|ARM.ActiveCfg = Debug|ARM
		{A593EA6A-45EE-4147-9CD2-B2D416218897}.Debug|ARM.Build.0 = Debug|ARM
		{A593EA6A-45EE-4147-9CD2-B2D416218897}.Debug|ARM.Deploy.0 = Debug|ARM
		{A593EA6A-45EE-4147-9CD2-B2D416218897}.Debug|iPhone.ActiveCfg = Debug|x86
		{A593EA6A-45EE-4147-9CD2-B2D416218897}.Debug|iPhone.Build.0 = Debug|x86
		{A593EA6A-45EE-4147-9CD2-B2D416218897}.Debug|iPhone.Deploy.0 = Debug|x86
		{A593EA6A-45EE-4147-9CD2-B2D416218897}.Debug|iPhoneSimulator.ActiveCfg = Debug|x86
		{A593EA6A-45EE-4147-9CD2-B2D416218897}.Debug|iPhoneSimulator.Build.0 = Debug|x86
		{A593EA6A-45EE-4147-9CD2-B2D416218897}.Debug|iPhoneSimulator.Deploy.0 = Debug|x86
		{A593EA6A-45EE-4147-9CD2-B2D416218897}.Debug|x64.ActiveCfg = Debug|x64
		{A593EA6A-45EE-4147-9CD2-B2D416218897}.Debug|x64.Build.0 = Debug|x64
		{A593EA6A-45EE-4147-9CD2-B2D416218897}.Debug|x64.Deploy.0 = Debug|x64
		{A593EA6A-45EE-4147-9CD2-B2D416218897}.Debug|x86.ActiveCfg = Debug|x86
		{A593EA6A-45EE-4147-9CD2-B2D416218897}.Debug|x86.Build.0 = Debug|x86
		{A593EA6A-45EE-4147-9CD2-B2D416218897}.Debug|x86.Deploy.0 = Debug|x86
		{A593EA6A-45EE-4147-9CD2-B2D416218897}.Release|Any CPU.ActiveCfg = Release|x86
		{A593EA6A-45EE-4147-9CD2-B2D416218897}.Release|Any CPU.Build.0 = Release|x86
		{A593EA6A-45EE-4147-9CD2-B2D416218897}.Release|Any CPU.Deploy.0 = Release|x86
		{A593EA6A-45EE-4147-9CD2-B2D416218897}.Release|ARM.ActiveCfg = Release|ARM
		{A593EA6A-45EE-4147-9CD2-B2D416218897}.Release|ARM.Build.0 = Release|ARM
		{A593EA6A-45EE-4147-9CD2-B2D416218897}.Release|ARM.Deploy.0 = Release|ARM
		{A593EA6A-45EE-4147-9CD2-B2D416218897}.Release|iPhone.ActiveCfg = Release|x86
		{A593EA6A-45EE-4147-9CD2-B2D416218897}.Release|iPhone.Build.0 = Release|x86
		{A593EA6A-45EE-4147-9CD2-B2D416218897}.Release|iPhone.Deploy.0 = Release|x86
		{A593EA6A-45EE-4147-9CD2-B2D416218897}.Release|iPhoneSimulator.ActiveCfg = Release|x86
		{A593EA6A-45EE-4147-9CD2-B2D416218897}.Release|iPhoneSimulator.Build.0 = Release|x86
		{A593EA6A-45EE-4147-9CD2-B2D416218897}.Release|iPhoneSimulator.Deploy.0 = Release|x86
		{A593EA6A-45EE-4147-9CD2-B2D416218897}.Release|x64.ActiveCfg = Release|x64
		{A593EA6A-45EE-4147-9CD2-B2D416218897}.Release|x64.Build.0 = Release|x64
		{A593EA6A-45EE-4147-9CD2-B2D416218897}.Release|x64.Deploy.0 = Release|x64
		{A593EA6A-45EE-4147-9CD2-B2D416218897}.Release|x86.ActiveCfg = Release|x86
		{A593EA6A-45EE-4147-9CD2-B2D416218897}.Release|x86.Build.0 = Release|x86
		{A593EA6A-45EE-4147-9CD2-B2D416218897}.Release|x86.Deploy.0 = Release|x86
		{3C9AF00B-0F38-4F1C-BE4C-EEC88A0FB3D2}.Debug|Any CPU.ActiveCfg = Debug|Any CPU
		{3C9AF00B-0F38-4F1C-BE4C-EEC88A0FB3D2}.Debug|Any CPU.Build.0 = Debug|Any CPU
		{3C9AF00B-0F38-4F1C-BE4C-EEC88A0FB3D2}.Debug|Any CPU.Deploy.0 = Debug|Any CPU
		{3C9AF00B-0F38-4F1C-BE4C-EEC88A0FB3D2}.Debug|ARM.ActiveCfg = Debug|Any CPU
		{3C9AF00B-0F38-4F1C-BE4C-EEC88A0FB3D2}.Debug|ARM.Build.0 = Debug|Any CPU
		{3C9AF00B-0F38-4F1C-BE4C-EEC88A0FB3D2}.Debug|ARM.Deploy.0 = Debug|Any CPU
		{3C9AF00B-0F38-4F1C-BE4C-EEC88A0FB3D2}.Debug|iPhone.ActiveCfg = Debug|Any CPU
		{3C9AF00B-0F38-4F1C-BE4C-EEC88A0FB3D2}.Debug|iPhone.Build.0 = Debug|Any CPU
		{3C9AF00B-0F38-4F1C-BE4C-EEC88A0FB3D2}.Debug|iPhone.Deploy.0 = Debug|Any CPU
		{3C9AF00B-0F38-4F1C-BE4C-EEC88A0FB3D2}.Debug|iPhoneSimulator.ActiveCfg = Debug|Any CPU
		{3C9AF00B-0F38-4F1C-BE4C-EEC88A0FB3D2}.Debug|iPhoneSimulator.Build.0 = Debug|Any CPU
		{3C9AF00B-0F38-4F1C-BE4C-EEC88A0FB3D2}.Debug|iPhoneSimulator.Deploy.0 = Debug|Any CPU
		{3C9AF00B-0F38-4F1C-BE4C-EEC88A0FB3D2}.Debug|x64.ActiveCfg = Debug|Any CPU
		{3C9AF00B-0F38-4F1C-BE4C-EEC88A0FB3D2}.Debug|x64.Build.0 = Debug|Any CPU
		{3C9AF00B-0F38-4F1C-BE4C-EEC88A0FB3D2}.Debug|x64.Deploy.0 = Debug|Any CPU
		{3C9AF00B-0F38-4F1C-BE4C-EEC88A0FB3D2}.Debug|x86.ActiveCfg = Debug|Any CPU
		{3C9AF00B-0F38-4F1C-BE4C-EEC88A0FB3D2}.Debug|x86.Build.0 = Debug|Any CPU
		{3C9AF00B-0F38-4F1C-BE4C-EEC88A0FB3D2}.Debug|x86.Deploy.0 = Debug|Any CPU
		{3C9AF00B-0F38-4F1C-BE4C-EEC88A0FB3D2}.Release|Any CPU.ActiveCfg = Release|Any CPU
		{3C9AF00B-0F38-4F1C-BE4C-EEC88A0FB3D2}.Release|Any CPU.Build.0 = Release|Any CPU
		{3C9AF00B-0F38-4F1C-BE4C-EEC88A0FB3D2}.Release|Any CPU.Deploy.0 = Release|Any CPU
		{3C9AF00B-0F38-4F1C-BE4C-EEC88A0FB3D2}.Release|ARM.ActiveCfg = Release|Any CPU
		{3C9AF00B-0F38-4F1C-BE4C-EEC88A0FB3D2}.Release|ARM.Build.0 = Release|Any CPU
		{3C9AF00B-0F38-4F1C-BE4C-EEC88A0FB3D2}.Release|ARM.Deploy.0 = Release|Any CPU
		{3C9AF00B-0F38-4F1C-BE4C-EEC88A0FB3D2}.Release|iPhone.ActiveCfg = Release|Any CPU
		{3C9AF00B-0F38-4F1C-BE4C-EEC88A0FB3D2}.Release|iPhone.Build.0 = Release|Any CPU
		{3C9AF00B-0F38-4F1C-BE4C-EEC88A0FB3D2}.Release|iPhone.Deploy.0 = Release|Any CPU
		{3C9AF00B-0F38-4F1C-BE4C-EEC88A0FB3D2}.Release|iPhoneSimulator.ActiveCfg = Release|Any CPU
		{3C9AF00B-0F38-4F1C-BE4C-EEC88A0FB3D2}.Release|iPhoneSimulator.Build.0 = Release|Any CPU
		{3C9AF00B-0F38-4F1C-BE4C-EEC88A0FB3D2}.Release|iPhoneSimulator.Deploy.0 = Release|Any CPU
		{3C9AF00B-0F38-4F1C-BE4C-EEC88A0FB3D2}.Release|x64.ActiveCfg = Release|Any CPU
		{3C9AF00B-0F38-4F1C-BE4C-EEC88A0FB3D2}.Release|x64.Build.0 = Release|Any CPU
		{3C9AF00B-0F38-4F1C-BE4C-EEC88A0FB3D2}.Release|x64.Deploy.0 = Release|Any CPU
		{3C9AF00B-0F38-4F1C-BE4C-EEC88A0FB3D2}.Release|x86.ActiveCfg = Release|Any CPU
		{3C9AF00B-0F38-4F1C-BE4C-EEC88A0FB3D2}.Release|x86.Build.0 = Release|Any CPU
		{3C9AF00B-0F38-4F1C-BE4C-EEC88A0FB3D2}.Release|x86.Deploy.0 = Release|Any CPU
		{50369506-5D57-4620-979D-41ADFE7EEABD}.Debug|Any CPU.ActiveCfg = Debug|iPhone
		{50369506-5D57-4620-979D-41ADFE7EEABD}.Debug|Any CPU.Build.0 = Debug|iPhone
		{50369506-5D57-4620-979D-41ADFE7EEABD}.Debug|Any CPU.Deploy.0 = Debug|iPhone
		{50369506-5D57-4620-979D-41ADFE7EEABD}.Debug|ARM.ActiveCfg = Debug|iPhone
		{50369506-5D57-4620-979D-41ADFE7EEABD}.Debug|ARM.Build.0 = Debug|iPhone
		{50369506-5D57-4620-979D-41ADFE7EEABD}.Debug|ARM.Deploy.0 = Debug|iPhone
		{50369506-5D57-4620-979D-41ADFE7EEABD}.Debug|iPhone.ActiveCfg = Debug|iPhone
		{50369506-5D57-4620-979D-41ADFE7EEABD}.Debug|iPhone.Build.0 = Debug|iPhone
		{50369506-5D57-4620-979D-41ADFE7EEABD}.Debug|iPhone.Deploy.0 = Debug|iPhone
		{50369506-5D57-4620-979D-41ADFE7EEABD}.Debug|iPhoneSimulator.ActiveCfg = Debug|iPhoneSimulator
		{50369506-5D57-4620-979D-41ADFE7EEABD}.Debug|iPhoneSimulator.Build.0 = Debug|iPhoneSimulator
		{50369506-5D57-4620-979D-41ADFE7EEABD}.Debug|iPhoneSimulator.Deploy.0 = Debug|iPhoneSimulator
		{50369506-5D57-4620-979D-41ADFE7EEABD}.Debug|x64.ActiveCfg = Debug|iPhone
		{50369506-5D57-4620-979D-41ADFE7EEABD}.Debug|x64.Build.0 = Debug|iPhone
		{50369506-5D57-4620-979D-41ADFE7EEABD}.Debug|x64.Deploy.0 = Debug|iPhone
		{50369506-5D57-4620-979D-41ADFE7EEABD}.Debug|x86.ActiveCfg = Debug|iPhone
		{50369506-5D57-4620-979D-41ADFE7EEABD}.Debug|x86.Build.0 = Debug|iPhone
		{50369506-5D57-4620-979D-41ADFE7EEABD}.Debug|x86.Deploy.0 = Debug|iPhone
		{50369506-5D57-4620-979D-41ADFE7EEABD}.Release|Any CPU.ActiveCfg = Release|iPhone
		{50369506-5D57-4620-979D-41ADFE7EEABD}.Release|Any CPU.Build.0 = Release|iPhone
		{50369506-5D57-4620-979D-41ADFE7EEABD}.Release|Any CPU.Deploy.0 = Release|iPhone
		{50369506-5D57-4620-979D-41ADFE7EEABD}.Release|ARM.ActiveCfg = Release|iPhone
		{50369506-5D57-4620-979D-41ADFE7EEABD}.Release|ARM.Build.0 = Release|iPhone
		{50369506-5D57-4620-979D-41ADFE7EEABD}.Release|ARM.Deploy.0 = Release|iPhone
		{50369506-5D57-4620-979D-41ADFE7EEABD}.Release|iPhone.ActiveCfg = Release|iPhone
		{50369506-5D57-4620-979D-41ADFE7EEABD}.Release|iPhone.Build.0 = Release|iPhone
		{50369506-5D57-4620-979D-41ADFE7EEABD}.Release|iPhone.Deploy.0 = Release|iPhone
		{50369506-5D57-4620-979D-41ADFE7EEABD}.Release|iPhoneSimulator.ActiveCfg = Release|iPhoneSimulator
		{50369506-5D57-4620-979D-41ADFE7EEABD}.Release|iPhoneSimulator.Build.0 = Release|iPhoneSimulator
		{50369506-5D57-4620-979D-41ADFE7EEABD}.Release|iPhoneSimulator.Deploy.0 = Release|iPhoneSimulator
		{50369506-5D57-4620-979D-41ADFE7EEABD}.Release|x64.ActiveCfg = Release|iPhone
		{50369506-5D57-4620-979D-41ADFE7EEABD}.Release|x64.Build.0 = Release|iPhone
		{50369506-5D57-4620-979D-41ADFE7EEABD}.Release|x64.Deploy.0 = Release|iPhone
		{50369506-5D57-4620-979D-41ADFE7EEABD}.Release|x86.ActiveCfg = Release|iPhone
		{50369506-5D57-4620-979D-41ADFE7EEABD}.Release|x86.Build.0 = Release|iPhone
		{50369506-5D57-4620-979D-41ADFE7EEABD}.Release|x86.Deploy.0 = Release|iPhone
		{15571CF0-4D2F-43B2-8203-EAE68CBE7299}.Debug|Any CPU.ActiveCfg = Debug|Any CPU
		{15571CF0-4D2F-43B2-8203-EAE68CBE7299}.Debug|Any CPU.Build.0 = Debug|Any CPU
		{15571CF0-4D2F-43B2-8203-EAE68CBE7299}.Debug|Any CPU.Deploy.0 = Debug|Any CPU
		{15571CF0-4D2F-43B2-8203-EAE68CBE7299}.Debug|ARM.ActiveCfg = Debug|Any CPU
		{15571CF0-4D2F-43B2-8203-EAE68CBE7299}.Debug|ARM.Build.0 = Debug|Any CPU
		{15571CF0-4D2F-43B2-8203-EAE68CBE7299}.Debug|ARM.Deploy.0 = Debug|Any CPU
		{15571CF0-4D2F-43B2-8203-EAE68CBE7299}.Debug|iPhone.ActiveCfg = Debug|Any CPU
		{15571CF0-4D2F-43B2-8203-EAE68CBE7299}.Debug|iPhone.Build.0 = Debug|Any CPU
		{15571CF0-4D2F-43B2-8203-EAE68CBE7299}.Debug|iPhone.Deploy.0 = Debug|Any CPU
		{15571CF0-4D2F-43B2-8203-EAE68CBE7299}.Debug|iPhoneSimulator.ActiveCfg = Debug|Any CPU
		{15571CF0-4D2F-43B2-8203-EAE68CBE7299}.Debug|iPhoneSimulator.Build.0 = Debug|Any CPU
		{15571CF0-4D2F-43B2-8203-EAE68CBE7299}.Debug|iPhoneSimulator.Deploy.0 = Debug|Any CPU
		{15571CF0-4D2F-43B2-8203-EAE68CBE7299}.Debug|x64.ActiveCfg = Debug|Any CPU
		{15571CF0-4D2F-43B2-8203-EAE68CBE7299}.Debug|x64.Build.0 = Debug|Any CPU
		{15571CF0-4D2F-43B2-8203-EAE68CBE7299}.Debug|x64.Deploy.0 = Debug|Any CPU
		{15571CF0-4D2F-43B2-8203-EAE68CBE7299}.Debug|x86.ActiveCfg = Debug|Any CPU
		{15571CF0-4D2F-43B2-8203-EAE68CBE7299}.Debug|x86.Build.0 = Debug|Any CPU
		{15571CF0-4D2F-43B2-8203-EAE68CBE7299}.Debug|x86.Deploy.0 = Debug|Any CPU
		{15571CF0-4D2F-43B2-8203-EAE68CBE7299}.Release|Any CPU.ActiveCfg = Release|Any CPU
		{15571CF0-4D2F-43B2-8203-EAE68CBE7299}.Release|Any CPU.Build.0 = Release|Any CPU
		{15571CF0-4D2F-43B2-8203-EAE68CBE7299}.Release|Any CPU.Deploy.0 = Release|Any CPU
		{15571CF0-4D2F-43B2-8203-EAE68CBE7299}.Release|ARM.ActiveCfg = Release|Any CPU
		{15571CF0-4D2F-43B2-8203-EAE68CBE7299}.Release|ARM.Build.0 = Release|Any CPU
		{15571CF0-4D2F-43B2-8203-EAE68CBE7299}.Release|ARM.Deploy.0 = Release|Any CPU
		{15571CF0-4D2F-43B2-8203-EAE68CBE7299}.Release|iPhone.ActiveCfg = Release|Any CPU
		{15571CF0-4D2F-43B2-8203-EAE68CBE7299}.Release|iPhone.Build.0 = Release|Any CPU
		{15571CF0-4D2F-43B2-8203-EAE68CBE7299}.Release|iPhone.Deploy.0 = Release|Any CPU
		{15571CF0-4D2F-43B2-8203-EAE68CBE7299}.Release|iPhoneSimulator.ActiveCfg = Release|Any CPU
		{15571CF0-4D2F-43B2-8203-EAE68CBE7299}.Release|iPhoneSimulator.Build.0 = Release|Any CPU
		{15571CF0-4D2F-43B2-8203-EAE68CBE7299}.Release|iPhoneSimulator.Deploy.0 = Release|Any CPU
		{15571CF0-4D2F-43B2-8203-EAE68CBE7299}.Release|x64.ActiveCfg = Release|Any CPU
		{15571CF0-4D2F-43B2-8203-EAE68CBE7299}.Release|x64.Build.0 = Release|Any CPU
		{15571CF0-4D2F-43B2-8203-EAE68CBE7299}.Release|x64.Deploy.0 = Release|Any CPU
		{15571CF0-4D2F-43B2-8203-EAE68CBE7299}.Release|x86.ActiveCfg = Release|Any CPU
		{15571CF0-4D2F-43B2-8203-EAE68CBE7299}.Release|x86.Build.0 = Release|Any CPU
		{15571CF0-4D2F-43B2-8203-EAE68CBE7299}.Release|x86.Deploy.0 = Release|Any CPU
	EndGlobalSection
	GlobalSection(SolutionProperties) = preSolution
		HideSolutionNode = FALSE
	EndGlobalSection
	GlobalSection(ExtensibilityGlobals) = postSolution
		SolutionGuid = {794E76FD-BFCC-4083-9460-C4FC8F713E6A}
	EndGlobalSection
EndGlobal
